// !$*UTF8*$!
{
	archiveVersion = 1;
	classes = {
	};
	objectVersion = 50;
	objects = {

/* Begin PBXBuildFile section */
		A277B05023EE6DAA00DAA781 /* content.js in Resources */ = {isa = PBXBuildFile; fileRef = A277B04B23EE6DAA00DAA781 /* content.js */; };
		A277B05123EE6DAA00DAA781 /* xJZZ.js in Resources */ = {isa = PBXBuildFile; fileRef = A277B04C23EE6DAA00DAA781 /* xJZZ.js */; };
		A277B05223EE6DAA00DAA781 /* xPlayer.js in Resources */ = {isa = PBXBuildFile; fileRef = A277B04D23EE6DAA00DAA781 /* xPlayer.js */; };
		A277B05323EE6DAA00DAA781 /* xSMF.js in Resources */ = {isa = PBXBuildFile; fileRef = A277B04E23EE6DAA00DAA781 /* xSMF.js */; };
		A277B05423EE6DAA00DAA781 /* xTiny.js in Resources */ = {isa = PBXBuildFile; fileRef = A277B04F23EE6DAA00DAA781 /* xTiny.js */; };
		A2AF607E23ED3B85000E163A /* AppDelegate.swift in Sources */ = {isa = PBXBuildFile; fileRef = A2AF607D23ED3B85000E163A /* AppDelegate.swift */; };
		A2AF608023ED3B86000E163A /* Assets.xcassets in Resources */ = {isa = PBXBuildFile; fileRef = A2AF607F23ED3B86000E163A /* Assets.xcassets */; };
		A2AF608323ED3B86000E163A /* MainMenu.xib in Resources */ = {isa = PBXBuildFile; fileRef = A2AF608123ED3B86000E163A /* MainMenu.xib */; };
		A2AF609223ED3CF1000E163A /* Cocoa.framework in Frameworks */ = {isa = PBXBuildFile; fileRef = A2AF609123ED3CF1000E163A /* Cocoa.framework */; };
		A2AF609523ED3CF1000E163A /* SafariExtensionHandler.swift in Sources */ = {isa = PBXBuildFile; fileRef = A2AF609423ED3CF1000E163A /* SafariExtensionHandler.swift */; };
		A2AF609D23ED3CF2000E163A /* script.js in Resources */ = {isa = PBXBuildFile; fileRef = A2AF609C23ED3CF2000E163A /* script.js */; };
		A2AF60A323ED3CF2000E163A /* extension.appex in Embed App Extensions */ = {isa = PBXBuildFile; fileRef = A2AF608F23ED3CF1000E163A /* extension.appex */; settings = {ATTRIBUTES = (RemoveHeadersOnCopy, ); }; };
/* End PBXBuildFile section */

/* Begin PBXContainerItemProxy section */
		A2AF60A123ED3CF2000E163A /* PBXContainerItemProxy */ = {
			isa = PBXContainerItemProxy;
			containerPortal = A2AF607223ED3B85000E163A /* Project object */;
			proxyType = 1;
			remoteGlobalIDString = A2AF608E23ED3CF1000E163A;
			remoteInfo = extension;
		};
/* End PBXContainerItemProxy section */

/* Begin PBXCopyFilesBuildPhase section */
		A2AF60A723ED3CF2000E163A /* Embed App Extensions */ = {
			isa = PBXCopyFilesBuildPhase;
			buildActionMask = 2147483647;
			dstPath = "";
			dstSubfolderSpec = 13;
			files = (
				A2AF60A323ED3CF2000E163A /* extension.appex in Embed App Extensions */,
			);
			name = "Embed App Extensions";
			runOnlyForDeploymentPostprocessing = 0;
		};
/* End PBXCopyFilesBuildPhase section */

/* Begin PBXFileReference section */
		A277B04B23EE6DAA00DAA781 /* content.js */ = {isa = PBXFileReference; fileEncoding = 4; lastKnownFileType = sourcecode.javascript; path = content.js; sourceTree = "<group>"; };
		A277B04C23EE6DAA00DAA781 /* xJZZ.js */ = {isa = PBXFileReference; fileEncoding = 4; lastKnownFileType = sourcecode.javascript; path = xJZZ.js; sourceTree = "<group>"; };
		A277B04D23EE6DAA00DAA781 /* xPlayer.js */ = {isa = PBXFileReference; fileEncoding = 4; lastKnownFileType = sourcecode.javascript; path = xPlayer.js; sourceTree = "<group>"; };
		A277B04E23EE6DAA00DAA781 /* xSMF.js */ = {isa = PBXFileReference; fileEncoding = 4; lastKnownFileType = sourcecode.javascript; path = xSMF.js; sourceTree = "<group>"; };
		A277B04F23EE6DAA00DAA781 /* xTiny.js */ = {isa = PBXFileReference; fileEncoding = 4; lastKnownFileType = sourcecode.javascript; path = xTiny.js; sourceTree = "<group>"; };
		A2AF607A23ED3B85000E163A /* midi-player.app */ = {isa = PBXFileReference; explicitFileType = wrapper.application; includeInIndex = 0; path = "midi-player.app"; sourceTree = BUILT_PRODUCTS_DIR; };
		A2AF607D23ED3B85000E163A /* AppDelegate.swift */ = {isa = PBXFileReference; lastKnownFileType = sourcecode.swift; path = AppDelegate.swift; sourceTree = "<group>"; };
		A2AF607F23ED3B86000E163A /* Assets.xcassets */ = {isa = PBXFileReference; lastKnownFileType = folder.assetcatalog; path = Assets.xcassets; sourceTree = "<group>"; };
		A2AF608223ED3B86000E163A /* Base */ = {isa = PBXFileReference; lastKnownFileType = file.xib; name = Base; path = Base.lproj/MainMenu.xib; sourceTree = "<group>"; };
		A2AF608423ED3B86000E163A /* Info.plist */ = {isa = PBXFileReference; lastKnownFileType = text.plist.xml; path = Info.plist; sourceTree = "<group>"; };
		A2AF608523ED3B86000E163A /* midi_player.entitlements */ = {isa = PBXFileReference; lastKnownFileType = text.plist.entitlements; path = midi_player.entitlements; sourceTree = "<group>"; };
		A2AF608F23ED3CF1000E163A /* extension.appex */ = {isa = PBXFileReference; explicitFileType = "wrapper.app-extension"; includeInIndex = 0; path = extension.appex; sourceTree = BUILT_PRODUCTS_DIR; };
		A2AF609123ED3CF1000E163A /* Cocoa.framework */ = {isa = PBXFileReference; lastKnownFileType = wrapper.framework; name = Cocoa.framework; path = System/Library/Frameworks/Cocoa.framework; sourceTree = SDKROOT; };
		A2AF609423ED3CF1000E163A /* SafariExtensionHandler.swift */ = {isa = PBXFileReference; lastKnownFileType = sourcecode.swift; path = SafariExtensionHandler.swift; sourceTree = "<group>"; };
		A2AF609B23ED3CF2000E163A /* Info.plist */ = {isa = PBXFileReference; lastKnownFileType = text.plist.xml; path = Info.plist; sourceTree = "<group>"; };
		A2AF609C23ED3CF2000E163A /* script.js */ = {isa = PBXFileReference; lastKnownFileType = sourcecode.javascript; path = script.js; sourceTree = "<group>"; };
		A2AF60A023ED3CF2000E163A /* extension.entitlements */ = {isa = PBXFileReference; lastKnownFileType = text.plist.entitlements; path = extension.entitlements; sourceTree = "<group>"; };
/* End PBXFileReference section */

/* Begin PBXFrameworksBuildPhase section */
		A2AF607723ED3B85000E163A /* Frameworks */ = {
			isa = PBXFrameworksBuildPhase;
			buildActionMask = 2147483647;
			files = (
			);
			runOnlyForDeploymentPostprocessing = 0;
		};
		A2AF608C23ED3CF1000E163A /* Frameworks */ = {
			isa = PBXFrameworksBuildPhase;
			buildActionMask = 2147483647;
			files = (
				A2AF609223ED3CF1000E163A /* Cocoa.framework in Frameworks */,
			);
			runOnlyForDeploymentPostprocessing = 0;
		};
/* End PBXFrameworksBuildPhase section */

/* Begin PBXGroup section */
		A2AF607123ED3B85000E163A = {
			isa = PBXGroup;
			children = (
				A2AF607C23ED3B85000E163A /* midi-player */,
				A2AF609323ED3CF1000E163A /* extension */,
				A2AF609023ED3CF1000E163A /* Frameworks */,
				A2AF607B23ED3B85000E163A /* Products */,
			);
			sourceTree = "<group>";
		};
		A2AF607B23ED3B85000E163A /* Products */ = {
			isa = PBXGroup;
			children = (
				A2AF607A23ED3B85000E163A /* midi-player.app */,
				A2AF608F23ED3CF1000E163A /* extension.appex */,
			);
			name = Products;
			sourceTree = "<group>";
		};
		A2AF607C23ED3B85000E163A /* midi-player */ = {
			isa = PBXGroup;
			children = (
				A2AF607D23ED3B85000E163A /* AppDelegate.swift */,
				A2AF607F23ED3B86000E163A /* Assets.xcassets */,
				A2AF608123ED3B86000E163A /* MainMenu.xib */,
				A2AF608423ED3B86000E163A /* Info.plist */,
				A2AF608523ED3B86000E163A /* midi_player.entitlements */,
			);
			path = "midi-player";
			sourceTree = "<group>";
		};
		A2AF609023ED3CF1000E163A /* Frameworks */ = {
			isa = PBXGroup;
			children = (
				A2AF609123ED3CF1000E163A /* Cocoa.framework */,
			);
			name = Frameworks;
			sourceTree = "<group>";
		};
		A2AF609323ED3CF1000E163A /* extension */ = {
			isa = PBXGroup;
			children = (
				A277B04B23EE6DAA00DAA781 /* content.js */,
				A277B04C23EE6DAA00DAA781 /* xJZZ.js */,
				A277B04D23EE6DAA00DAA781 /* xPlayer.js */,
				A277B04E23EE6DAA00DAA781 /* xSMF.js */,
				A277B04F23EE6DAA00DAA781 /* xTiny.js */,
				A2AF609423ED3CF1000E163A /* SafariExtensionHandler.swift */,
				A2AF609B23ED3CF2000E163A /* Info.plist */,
				A2AF609C23ED3CF2000E163A /* script.js */,
				A2AF60A023ED3CF2000E163A /* extension.entitlements */,
			);
			path = extension;
			sourceTree = "<group>";
		};
/* End PBXGroup section */

/* Begin PBXNativeTarget section */
		A2AF607923ED3B85000E163A /* midi-player */ = {
			isa = PBXNativeTarget;
			buildConfigurationList = A2AF608823ED3B86000E163A /* Build configuration list for PBXNativeTarget "midi-player" */;
			buildPhases = (
				A2AF607623ED3B85000E163A /* Sources */,
				A2AF607723ED3B85000E163A /* Frameworks */,
				A2AF607823ED3B85000E163A /* Resources */,
				A2AF60A723ED3CF2000E163A /* Embed App Extensions */,
			);
			buildRules = (
			);
			dependencies = (
				A2AF60A223ED3CF2000E163A /* PBXTargetDependency */,
			);
			name = "midi-player";
			productName = "midi-player";
			productReference = A2AF607A23ED3B85000E163A /* midi-player.app */;
			productType = "com.apple.product-type.application";
		};
		A2AF608E23ED3CF1000E163A /* extension */ = {
			isa = PBXNativeTarget;
			buildConfigurationList = A2AF60A423ED3CF2000E163A /* Build configuration list for PBXNativeTarget "extension" */;
			buildPhases = (
				A2AF608B23ED3CF1000E163A /* Sources */,
				A2AF608C23ED3CF1000E163A /* Frameworks */,
				A2AF608D23ED3CF1000E163A /* Resources */,
			);
			buildRules = (
			);
			dependencies = (
			);
			name = extension;
			productName = extension;
			productReference = A2AF608F23ED3CF1000E163A /* extension.appex */;
			productType = "com.apple.product-type.app-extension";
		};
/* End PBXNativeTarget section */

/* Begin PBXProject section */
		A2AF607223ED3B85000E163A /* Project object */ = {
			isa = PBXProject;
			attributes = {
				LastSwiftUpdateCheck = 1010;
				LastUpgradeCheck = 1010;
				ORGANIZATIONNAME = "Jazz-Soft";
				TargetAttributes = {
					A2AF607923ED3B85000E163A = {
						CreatedOnToolsVersion = 10.1;
					};
					A2AF608E23ED3CF1000E163A = {
						CreatedOnToolsVersion = 10.1;
					};
				};
			};
			buildConfigurationList = A2AF607523ED3B85000E163A /* Build configuration list for PBXProject "midi-player" */;
			compatibilityVersion = "Xcode 9.3";
			developmentRegion = en;
			hasScannedForEncodings = 0;
			knownRegions = (
				en,
				Base,
			);
			mainGroup = A2AF607123ED3B85000E163A;
			productRefGroup = A2AF607B23ED3B85000E163A /* Products */;
			projectDirPath = "";
			projectRoot = "";
			targets = (
				A2AF607923ED3B85000E163A /* midi-player */,
				A2AF608E23ED3CF1000E163A /* extension */,
			);
		};
/* End PBXProject section */

/* Begin PBXResourcesBuildPhase section */
		A2AF607823ED3B85000E163A /* Resources */ = {
			isa = PBXResourcesBuildPhase;
			buildActionMask = 2147483647;
			files = (
				A2AF608023ED3B86000E163A /* Assets.xcassets in Resources */,
				A2AF608323ED3B86000E163A /* MainMenu.xib in Resources */,
			);
			runOnlyForDeploymentPostprocessing = 0;
		};
		A2AF608D23ED3CF1000E163A /* Resources */ = {
			isa = PBXResourcesBuildPhase;
			buildActionMask = 2147483647;
			files = (
				A277B05123EE6DAA00DAA781 /* xJZZ.js in Resources */,
				A277B05423EE6DAA00DAA781 /* xTiny.js in Resources */,
				A277B05323EE6DAA00DAA781 /* xSMF.js in Resources */,
				A277B05023EE6DAA00DAA781 /* content.js in Resources */,
				A277B05223EE6DAA00DAA781 /* xPlayer.js in Resources */,
				A2AF609D23ED3CF2000E163A /* script.js in Resources */,
			);
			runOnlyForDeploymentPostprocessing = 0;
		};
/* End PBXResourcesBuildPhase section */

/* Begin PBXSourcesBuildPhase section */
		A2AF607623ED3B85000E163A /* Sources */ = {
			isa = PBXSourcesBuildPhase;
			buildActionMask = 2147483647;
			files = (
				A2AF607E23ED3B85000E163A /* AppDelegate.swift in Sources */,
			);
			runOnlyForDeploymentPostprocessing = 0;
		};
		A2AF608B23ED3CF1000E163A /* Sources */ = {
			isa = PBXSourcesBuildPhase;
			buildActionMask = 2147483647;
			files = (
				A2AF609523ED3CF1000E163A /* SafariExtensionHandler.swift in Sources */,
			);
			runOnlyForDeploymentPostprocessing = 0;
		};
/* End PBXSourcesBuildPhase section */

/* Begin PBXTargetDependency section */
		A2AF60A223ED3CF2000E163A /* PBXTargetDependency */ = {
			isa = PBXTargetDependency;
			target = A2AF608E23ED3CF1000E163A /* extension */;
			targetProxy = A2AF60A123ED3CF2000E163A /* PBXContainerItemProxy */;
		};
/* End PBXTargetDependency section */

/* Begin PBXVariantGroup section */
		A2AF608123ED3B86000E163A /* MainMenu.xib */ = {
			isa = PBXVariantGroup;
			children = (
				A2AF608223ED3B86000E163A /* Base */,
			);
			name = MainMenu.xib;
			sourceTree = "<group>";
		};
/* End PBXVariantGroup section */

/* Begin XCBuildConfiguration section */
		A2AF608623ED3B86000E163A /* Debug */ = {
			isa = XCBuildConfiguration;
			buildSettings = {
				ALWAYS_SEARCH_USER_PATHS = NO;
				CLANG_ANALYZER_NONNULL = YES;
				CLANG_ANALYZER_NUMBER_OBJECT_CONVERSION = YES_AGGRESSIVE;
				CLANG_CXX_LANGUAGE_STANDARD = "gnu++14";
				CLANG_CXX_LIBRARY = "libc++";
				CLANG_ENABLE_MODULES = YES;
				CLANG_ENABLE_OBJC_ARC = YES;
				CLANG_ENABLE_OBJC_WEAK = YES;
				CLANG_WARN_BLOCK_CAPTURE_AUTORELEASING = YES;
				CLANG_WARN_BOOL_CONVERSION = YES;
				CLANG_WARN_COMMA = YES;
				CLANG_WARN_CONSTANT_CONVERSION = YES;
				CLANG_WARN_DEPRECATED_OBJC_IMPLEMENTATIONS = YES;
				CLANG_WARN_DIRECT_OBJC_ISA_USAGE = YES_ERROR;
				CLANG_WARN_DOCUMENTATION_COMMENTS = YES;
				CLANG_WARN_EMPTY_BODY = YES;
				CLANG_WARN_ENUM_CONVERSION = YES;
				CLANG_WARN_INFINITE_RECURSION = YES;
				CLANG_WARN_INT_CONVERSION = YES;
				CLANG_WARN_NON_LITERAL_NULL_CONVERSION = YES;
				CLANG_WARN_OBJC_IMPLICIT_RETAIN_SELF = YES;
				CLANG_WARN_OBJC_LITERAL_CONVERSION = YES;
				CLANG_WARN_OBJC_ROOT_CLASS = YES_ERROR;
				CLANG_WARN_RANGE_LOOP_ANALYSIS = YES;
				CLANG_WARN_STRICT_PROTOTYPES = YES;
				CLANG_WARN_SUSPICIOUS_MOVE = YES;
				CLANG_WARN_UNGUARDED_AVAILABILITY = YES_AGGRESSIVE;
				CLANG_WARN_UNREACHABLE_CODE = YES;
				CLANG_WARN__DUPLICATE_METHOD_MATCH = YES;
				CODE_SIGN_IDENTITY = "-";
				COPY_PHASE_STRIP = NO;
				DEBUG_INFORMATION_FORMAT = dwarf;
				ENABLE_STRICT_OBJC_MSGSEND = YES;
				ENABLE_TESTABILITY = YES;
				GCC_C_LANGUAGE_STANDARD = gnu11;
				GCC_DYNAMIC_NO_PIC = NO;
				GCC_NO_COMMON_BLOCKS = YES;
				GCC_OPTIMIZATION_LEVEL = 0;
				GCC_PREPROCESSOR_DEFINITIONS = (
					"DEBUG=1",
					"$(inherited)",
				);
				GCC_WARN_64_TO_32_BIT_CONVERSION = YES;
				GCC_WARN_ABOUT_RETURN_TYPE = YES_ERROR;
				GCC_WARN_UNDECLARED_SELECTOR = YES;
				GCC_WARN_UNINITIALIZED_AUTOS = YES_AGGRESSIVE;
				GCC_WARN_UNUSED_FUNCTION = YES;
				GCC_WARN_UNUSED_VARIABLE = YES;
				MACOSX_DEPLOYMENT_TARGET = 10.13;
				MTL_ENABLE_DEBUG_INFO = INCLUDE_SOURCE;
				MTL_FAST_MATH = YES;
				ONLY_ACTIVE_ARCH = YES;
				SDKROOT = macosx;
				SWIFT_ACTIVE_COMPILATION_CONDITIONS = DEBUG;
				SWIFT_OPTIMIZATION_LEVEL = "-Onone";
			};
			name = Debug;
		};
		A2AF608723ED3B86000E163A /* Release */ = {
			isa = XCBuildConfiguration;
			buildSettings = {
				ALWAYS_SEARCH_USER_PATHS = NO;
				CLANG_ANALYZER_NONNULL = YES;
				CLANG_ANALYZER_NUMBER_OBJECT_CONVERSION = YES_AGGRESSIVE;
				CLANG_CXX_LANGUAGE_STANDARD = "gnu++14";
				CLANG_CXX_LIBRARY = "libc++";
				CLANG_ENABLE_MODULES = YES;
				CLANG_ENABLE_OBJC_ARC = YES;
				CLANG_ENABLE_OBJC_WEAK = YES;
				CLANG_WARN_BLOCK_CAPTURE_AUTORELEASING = YES;
				CLANG_WARN_BOOL_CONVERSION = YES;
				CLANG_WARN_COMMA = YES;
				CLANG_WARN_CONSTANT_CONVERSION = YES;
				CLANG_WARN_DEPRECATED_OBJC_IMPLEMENTATIONS = YES;
				CLANG_WARN_DIRECT_OBJC_ISA_USAGE = YES_ERROR;
				CLANG_WARN_DOCUMENTATION_COMMENTS = YES;
				CLANG_WARN_EMPTY_BODY = YES;
				CLANG_WARN_ENUM_CONVERSION = YES;
				CLANG_WARN_INFINITE_RECURSION = YES;
				CLANG_WARN_INT_CONVERSION = YES;
				CLANG_WARN_NON_LITERAL_NULL_CONVERSION = YES;
				CLANG_WARN_OBJC_IMPLICIT_RETAIN_SELF = YES;
				CLANG_WARN_OBJC_LITERAL_CONVERSION = YES;
				CLANG_WARN_OBJC_ROOT_CLASS = YES_ERROR;
				CLANG_WARN_RANGE_LOOP_ANALYSIS = YES;
				CLANG_WARN_STRICT_PROTOTYPES = YES;
				CLANG_WARN_SUSPICIOUS_MOVE = YES;
				CLANG_WARN_UNGUARDED_AVAILABILITY = YES_AGGRESSIVE;
				CLANG_WARN_UNREACHABLE_CODE = YES;
				CLANG_WARN__DUPLICATE_METHOD_MATCH = YES;
				CODE_SIGN_IDENTITY = "-";
				COPY_PHASE_STRIP = NO;
				DEBUG_INFORMATION_FORMAT = "dwarf-with-dsym";
				ENABLE_NS_ASSERTIONS = NO;
				ENABLE_STRICT_OBJC_MSGSEND = YES;
				GCC_C_LANGUAGE_STANDARD = gnu11;
				GCC_NO_COMMON_BLOCKS = YES;
				GCC_WARN_64_TO_32_BIT_CONVERSION = YES;
				GCC_WARN_ABOUT_RETURN_TYPE = YES_ERROR;
				GCC_WARN_UNDECLARED_SELECTOR = YES;
				GCC_WARN_UNINITIALIZED_AUTOS = YES_AGGRESSIVE;
				GCC_WARN_UNUSED_FUNCTION = YES;
				GCC_WARN_UNUSED_VARIABLE = YES;
				MACOSX_DEPLOYMENT_TARGET = 10.13;
				MTL_ENABLE_DEBUG_INFO = NO;
				MTL_FAST_MATH = YES;
				SDKROOT = macosx;
				SWIFT_COMPILATION_MODE = wholemodule;
				SWIFT_OPTIMIZATION_LEVEL = "-O";
			};
			name = Release;
		};
		A2AF608923ED3B86000E163A /* Debug */ = {
			isa = XCBuildConfiguration;
			buildSettings = {
				ALWAYS_EMBED_SWIFT_STANDARD_LIBRARIES = YES;
				ASSETCATALOG_COMPILER_APPICON_NAME = AppIcon;
				CODE_SIGN_ENTITLEMENTS = "midi-player/midi_player.entitlements";
				CODE_SIGN_STYLE = Automatic;
				COMBINE_HIDPI_IMAGES = YES;
				INFOPLIST_FILE = "midi-player/Info.plist";
				LD_RUNPATH_SEARCH_PATHS = (
					"$(inherited)",
					"@executable_path/../Frameworks",
				);
				PRODUCT_BUNDLE_IDENTIFIER = "Jazz-Soft.midi-player";
				PRODUCT_NAME = "$(TARGET_NAME)";
				SWIFT_VERSION = 4.2;
			};
			name = Debug;
		};
		A2AF608A23ED3B86000E163A /* Release */ = {
			isa = XCBuildConfiguration;
			buildSettings = {
				ALWAYS_EMBED_SWIFT_STANDARD_LIBRARIES = YES;
				ASSETCATALOG_COMPILER_APPICON_NAME = AppIcon;
				CODE_SIGN_ENTITLEMENTS = "midi-player/midi_player.entitlements";
				CODE_SIGN_STYLE = Automatic;
				COMBINE_HIDPI_IMAGES = YES;
				INFOPLIST_FILE = "midi-player/Info.plist";
				LD_RUNPATH_SEARCH_PATHS = (
					"$(inherited)",
					"@executable_path/../Frameworks",
				);
				PRODUCT_BUNDLE_IDENTIFIER = "Jazz-Soft.midi-player";
				PRODUCT_NAME = "$(TARGET_NAME)";
				SWIFT_VERSION = 4.2;
			};
			name = Release;
		};
		A2AF60A523ED3CF2000E163A /* Debug */ = {
			isa = XCBuildConfiguration;
			buildSettings = {
				CODE_SIGN_ENTITLEMENTS = extension/extension.entitlements;
				CODE_SIGN_STYLE = Automatic;
				INFOPLIST_FILE = extension/Info.plist;
				LD_RUNPATH_SEARCH_PATHS = (
					"$(inherited)",
					"@executable_path/../Frameworks",
					"@executable_path/../../../../Frameworks",
				);
				PRODUCT_BUNDLE_IDENTIFIER = "Jazz-Soft.midi-player.extension";
				PRODUCT_NAME = "$(TARGET_NAME)";
				SKIP_INSTALL = YES;
				SWIFT_VERSION = 4.2;
			};
			name = Debug;
		};
		A2AF60A623ED3CF2000E163A /* Release */ = {
			isa = XCBuildConfiguration;
			buildSettings = {
				CODE_SIGN_ENTITLEMENTS = extension/extension.entitlements;
				CODE_SIGN_STYLE = Automatic;
				INFOPLIST_FILE = extension/Info.plist;
				LD_RUNPATH_SEARCH_PATHS = (
					"$(inherited)",
					"@executable_path/../Frameworks",
					"@executable_path/../../../../Frameworks",
				);
				PRODUCT_BUNDLE_IDENTIFIER = "Jazz-Soft.midi-player.extension";
				PRODUCT_NAME = "$(TARGET_NAME)";
				SKIP_INSTALL = YES;
				SWIFT_VERSION = 4.2;
			};
			name = Release;
		};
/* End XCBuildConfiguration section */

/* Begin XCConfigurationList section */
		A2AF607523ED3B85000E163A /* Build configuration list for PBXProject "midi-player" */ = {
			isa = XCConfigurationList;
			buildConfigurations = (
				A2AF608623ED3B86000E163A /* Debug */,
				A2AF608723ED3B86000E163A /* Release */,
			);
			defaultConfigurationIsVisible = 0;
			defaultConfigurationName = Release;
		};
		A2AF608823ED3B86000E163A /* Build configuration list for PBXNativeTarget "midi-player" */ = {
			isa = XCConfigurationList;
			buildConfigurations = (
				A2AF608923ED3B86000E163A /* Debug */,
				A2AF608A23ED3B86000E163A /* Release */,
			);
			defaultConfigurationIsVisible = 0;
			defaultConfigurationName = Release;
		};
		A2AF60A423ED3CF2000E163A /* Build configuration list for PBXNativeTarget "extension" */ = {
			isa = XCConfigurationList;
			buildConfigurations = (
				A2AF60A523ED3CF2000E163A /* Debug */,
				A2AF60A623ED3CF2000E163A /* Release */,
			);
			defaultConfigurationIsVisible = 0;
			defaultConfigurationName = Release;
		};
/* End XCConfigurationList section */
	};
	rootObject = A2AF607223ED3B85000E163A /* Project object */;
}
